// !$*UTF8*$!
{
	archiveVersion = 1;
	classes = {
	};
	objectVersion = 56;
	objects = {

/* Begin PBXBuildFile section */
		752127612B913547004D20CC /* ComicPullListsApp.swift in Sources */ = {isa = PBXBuildFile; fileRef = 752127602B913547004D20CC /* ComicPullListsApp.swift */; };
		752127632B913547004D20CC /* ContentView.swift in Sources */ = {isa = PBXBuildFile; fileRef = 752127622B913547004D20CC /* ContentView.swift */; };
		752127672B913549004D20CC /* Assets.xcassets in Resources */ = {isa = PBXBuildFile; fileRef = 752127662B913549004D20CC /* Assets.xcassets */; };
		7521276A2B913549004D20CC /* Preview Assets.xcassets in Resources */ = {isa = PBXBuildFile; fileRef = 752127692B913549004D20CC /* Preview Assets.xcassets */; };
		752127722B9168AB004D20CC /* Person.swift in Sources */ = {isa = PBXBuildFile; fileRef = 752127712B9168AB004D20CC /* Person.swift */; };
		752127742B9169D2004D20CC /* Comic.swift in Sources */ = {isa = PBXBuildFile; fileRef = 752127732B9169D2004D20CC /* Comic.swift */; };
		752127772B91895A004D20CC /* PersonListView.swift in Sources */ = {isa = PBXBuildFile; fileRef = 752127762B91895A004D20CC /* PersonListView.swift */; };
		752127792B919BBA004D20CC /* ComicListView.swift in Sources */ = {isa = PBXBuildFile; fileRef = 752127782B919BBA004D20CC /* ComicListView.swift */; };
		7521277B2B922FDF004D20CC /* PersonView.swift in Sources */ = {isa = PBXBuildFile; fileRef = 7521277A2B922FDF004D20CC /* PersonView.swift */; };
		7521277D2B92315D004D20CC /* ComicRowView.swift in Sources */ = {isa = PBXBuildFile; fileRef = 7521277C2B92315D004D20CC /* ComicRowView.swift */; };
		7521277F2B9233CA004D20CC /* AddComicsToPersonView.swift in Sources */ = {isa = PBXBuildFile; fileRef = 7521277E2B9233CA004D20CC /* AddComicsToPersonView.swift */; };
		752127812B923E29004D20CC /* AddPersonView.swift in Sources */ = {isa = PBXBuildFile; fileRef = 752127802B923E29004D20CC /* AddPersonView.swift */; };
		752127832B923F0C004D20CC /* AddComicView.swift in Sources */ = {isa = PBXBuildFile; fileRef = 752127822B923F0B004D20CC /* AddComicView.swift */; };
/* End PBXBuildFile section */

/* Begin PBXFileReference section */
		7521275D2B913547004D20CC /* ComicPullLists.app */ = {isa = PBXFileReference; explicitFileType = wrapper.application; includeInIndex = 0; path = ComicPullLists.app; sourceTree = BUILT_PRODUCTS_DIR; };
		752127602B913547004D20CC /* ComicPullListsApp.swift */ = {isa = PBXFileReference; lastKnownFileType = sourcecode.swift; path = ComicPullListsApp.swift; sourceTree = "<group>"; };
		752127622B913547004D20CC /* ContentView.swift */ = {isa = PBXFileReference; lastKnownFileType = sourcecode.swift; path = ContentView.swift; sourceTree = "<group>"; };
		752127662B913549004D20CC /* Assets.xcassets */ = {isa = PBXFileReference; lastKnownFileType = folder.assetcatalog; path = Assets.xcassets; sourceTree = "<group>"; };
		752127692B913549004D20CC /* Preview Assets.xcassets */ = {isa = PBXFileReference; lastKnownFileType = folder.assetcatalog; path = "Preview Assets.xcassets"; sourceTree = "<group>"; };
		752127712B9168AB004D20CC /* Person.swift */ = {isa = PBXFileReference; lastKnownFileType = sourcecode.swift; path = Person.swift; sourceTree = "<group>"; };
		752127732B9169D2004D20CC /* Comic.swift */ = {isa = PBXFileReference; lastKnownFileType = sourcecode.swift; path = Comic.swift; sourceTree = "<group>"; };
		752127762B91895A004D20CC /* PersonListView.swift */ = {isa = PBXFileReference; lastKnownFileType = sourcecode.swift; path = PersonListView.swift; sourceTree = "<group>"; };
		752127782B919BBA004D20CC /* ComicListView.swift */ = {isa = PBXFileReference; lastKnownFileType = sourcecode.swift; path = ComicListView.swift; sourceTree = "<group>"; };
		7521277A2B922FDF004D20CC /* PersonView.swift */ = {isa = PBXFileReference; lastKnownFileType = sourcecode.swift; path = PersonView.swift; sourceTree = "<group>"; };
		7521277C2B92315D004D20CC /* ComicRowView.swift */ = {isa = PBXFileReference; lastKnownFileType = sourcecode.swift; path = ComicRowView.swift; sourceTree = "<group>"; };
		7521277E2B9233CA004D20CC /* AddComicsToPersonView.swift */ = {isa = PBXFileReference; lastKnownFileType = sourcecode.swift; path = AddComicsToPersonView.swift; sourceTree = "<group>"; };
		752127802B923E29004D20CC /* AddPersonView.swift */ = {isa = PBXFileReference; lastKnownFileType = sourcecode.swift; path = AddPersonView.swift; sourceTree = "<group>"; };
		752127822B923F0B004D20CC /* AddComicView.swift */ = {isa = PBXFileReference; lastKnownFileType = sourcecode.swift; path = AddComicView.swift; sourceTree = "<group>"; };
/* End PBXFileReference section */

/* Begin PBXFrameworksBuildPhase section */
		7521275A2B913547004D20CC /* Frameworks */ = {
			isa = PBXFrameworksBuildPhase;
			buildActionMask = 2147483647;
			files = (
			);
			runOnlyForDeploymentPostprocessing = 0;
		};
/* End PBXFrameworksBuildPhase section */

/* Begin PBXGroup section */
		752127542B913547004D20CC = {
			isa = PBXGroup;
			children = (
				7521275F2B913547004D20CC /* ComicPullLists */,
				7521275E2B913547004D20CC /* Products */,
			);
			sourceTree = "<group>";
		};
		7521275E2B913547004D20CC /* Products */ = {
			isa = PBXGroup;
			children = (
				7521275D2B913547004D20CC /* ComicPullLists.app */,
			);
			name = Products;
			sourceTree = "<group>";
		};
		7521275F2B913547004D20CC /* ComicPullLists */ = {
			isa = PBXGroup;
			children = (
				752127602B913547004D20CC /* ComicPullListsApp.swift */,
				752127702B916878004D20CC /* Models */,
				752127752B91890D004D20CC /* Views */,
				752127662B913549004D20CC /* Assets.xcassets */,
				752127682B913549004D20CC /* Preview Content */,
			);
			path = ComicPullLists;
			sourceTree = "<group>";
		};
		752127682B913549004D20CC /* Preview Content */ = {
			isa = PBXGroup;
			children = (
				752127692B913549004D20CC /* Preview Assets.xcassets */,
			);
			path = "Preview Content";
			sourceTree = "<group>";
		};
		752127702B916878004D20CC /* Models */ = {
			isa = PBXGroup;
			children = (
				752127712B9168AB004D20CC /* Person.swift */,
				752127732B9169D2004D20CC /* Comic.swift */,
			);
			path = Models;
			sourceTree = "<group>";
		};
		752127752B91890D004D20CC /* Views */ = {
			isa = PBXGroup;
			children = (
				752127762B91895A004D20CC /* PersonListView.swift */,
				7521277A2B922FDF004D20CC /* PersonView.swift */,
				752127622B913547004D20CC /* ContentView.swift */,
				752127782B919BBA004D20CC /* ComicListView.swift */,
				7521277C2B92315D004D20CC /* ComicRowView.swift */,
				7521277E2B9233CA004D20CC /* AddComicsToPersonView.swift */,
				752127802B923E29004D20CC /* AddPersonView.swift */,
				752127822B923F0B004D20CC /* AddComicView.swift */,
			);
			path = Views;
			sourceTree = "<group>";
		};
/* End PBXGroup section */

/* Begin PBXNativeTarget section */
		7521275C2B913547004D20CC /* ComicPullLists */ = {
			isa = PBXNativeTarget;
			buildConfigurationList = 7521276D2B913549004D20CC /* Build configuration list for PBXNativeTarget "ComicPullLists" */;
			buildPhases = (
				752127592B913547004D20CC /* Sources */,
				7521275A2B913547004D20CC /* Frameworks */,
				7521275B2B913547004D20CC /* Resources */,
			);
			buildRules = (
			);
			dependencies = (
			);
			name = ComicPullLists;
			productName = ComicPullLists;
			productReference = 7521275D2B913547004D20CC /* ComicPullLists.app */;
			productType = "com.apple.product-type.application";
		};
/* End PBXNativeTarget section */

/* Begin PBXProject section */
		752127552B913547004D20CC /* Project object */ = {
			isa = PBXProject;
			attributes = {
				BuildIndependentTargetsInParallel = 1;
				LastSwiftUpdateCheck = 1520;
				LastUpgradeCheck = 1520;
				TargetAttributes = {
					7521275C2B913547004D20CC = {
						CreatedOnToolsVersion = 15.2;
					};
				};
			};
			buildConfigurationList = 752127582B913547004D20CC /* Build configuration list for PBXProject "ComicPullLists" */;
			compatibilityVersion = "Xcode 14.0";
			developmentRegion = en;
			hasScannedForEncodings = 0;
			knownRegions = (
				en,
				Base,
			);
			mainGroup = 752127542B913547004D20CC;
			productRefGroup = 7521275E2B913547004D20CC /* Products */;
			projectDirPath = "";
			projectRoot = "";
			targets = (
				7521275C2B913547004D20CC /* ComicPullLists */,
			);
		};
/* End PBXProject section */

/* Begin PBXResourcesBuildPhase section */
		7521275B2B913547004D20CC /* Resources */ = {
			isa = PBXResourcesBuildPhase;
			buildActionMask = 2147483647;
			files = (
				7521276A2B913549004D20CC /* Preview Assets.xcassets in Resources */,
				752127672B913549004D20CC /* Assets.xcassets in Resources */,
			);
			runOnlyForDeploymentPostprocessing = 0;
		};
/* End PBXResourcesBuildPhase section */

/* Begin PBXSourcesBuildPhase section */
		752127592B913547004D20CC /* Sources */ = {
			isa = PBXSourcesBuildPhase;
			buildActionMask = 2147483647;
			files = (
				752127772B91895A004D20CC /* PersonListView.swift in Sources */,
				752127742B9169D2004D20CC /* Comic.swift in Sources */,
				752127632B913547004D20CC /* ContentView.swift in Sources */,
				7521277F2B9233CA004D20CC /* AddComicsToPersonView.swift in Sources */,
				7521277D2B92315D004D20CC /* ComicRowView.swift in Sources */,
				752127832B923F0C004D20CC /* AddComicView.swift in Sources */,
				752127722B9168AB004D20CC /* Person.swift in Sources */,
				752127792B919BBA004D20CC /* ComicListView.swift in Sources */,
				752127812B923E29004D20CC /* AddPersonView.swift in Sources */,
				752127612B913547004D20CC /* ComicPullListsApp.swift in Sources */,
				7521277B2B922FDF004D20CC /* PersonView.swift in Sources */,
			);
			runOnlyForDeploymentPostprocessing = 0;
		};
/* End PBXSourcesBuildPhase section */

/* Begin XCBuildConfiguration section */
		7521276B2B913549004D20CC /* Debug */ = {
			isa = XCBuildConfiguration;
			buildSettings = {
				ALWAYS_SEARCH_USER_PATHS = NO;
				ASSETCATALOG_COMPILER_GENERATE_SWIFT_ASSET_SYMBOL_EXTENSIONS = YES;
				CLANG_ANALYZER_NONNULL = YES;
				CLANG_ANALYZER_NUMBER_OBJECT_CONVERSION = YES_AGGRESSIVE;
				CLANG_CXX_LANGUAGE_STANDARD = "gnu++20";
				CLANG_ENABLE_MODULES = YES;
				CLANG_ENABLE_OBJC_ARC = YES;
				CLANG_ENABLE_OBJC_WEAK = YES;
				CLANG_WARN_BLOCK_CAPTURE_AUTORELEASING = YES;
				CLANG_WARN_BOOL_CONVERSION = YES;
				CLANG_WARN_COMMA = YES;
				CLANG_WARN_CONSTANT_CONVERSION = YES;
				CLANG_WARN_DEPRECATED_OBJC_IMPLEMENTATIONS = YES;
				CLANG_WARN_DIRECT_OBJC_ISA_USAGE = YES_ERROR;
				CLANG_WARN_DOCUMENTATION_COMMENTS = YES;
				CLANG_WARN_EMPTY_BODY = YES;
				CLANG_WARN_ENUM_CONVERSION = YES;
				CLANG_WARN_INFINITE_RECURSION = YES;
				CLANG_WARN_INT_CONVERSION = YES;
				CLANG_WARN_NON_LITERAL_NULL_CONVERSION = YES;
				CLANG_WARN_OBJC_IMPLICIT_RETAIN_SELF = YES;
				CLANG_WARN_OBJC_LITERAL_CONVERSION = YES;
				CLANG_WARN_OBJC_ROOT_CLASS = YES_ERROR;
				CLANG_WARN_QUOTED_INCLUDE_IN_FRAMEWORK_HEADER = YES;
				CLANG_WARN_RANGE_LOOP_ANALYSIS = YES;
				CLANG_WARN_STRICT_PROTOTYPES = YES;
				CLANG_WARN_SUSPICIOUS_MOVE = YES;
				CLANG_WARN_UNGUARDED_AVAILABILITY = YES_AGGRESSIVE;
				CLANG_WARN_UNREACHABLE_CODE = YES;
				CLANG_WARN__DUPLICATE_METHOD_MATCH = YES;
				COPY_PHASE_STRIP = NO;
				DEBUG_INFORMATION_FORMAT = dwarf;
				ENABLE_STRICT_OBJC_MSGSEND = YES;
				ENABLE_TESTABILITY = YES;
				ENABLE_USER_SCRIPT_SANDBOXING = YES;
				GCC_C_LANGUAGE_STANDARD = gnu17;
				GCC_DYNAMIC_NO_PIC = NO;
				GCC_NO_COMMON_BLOCKS = YES;
				GCC_OPTIMIZATION_LEVEL = 0;
				GCC_PREPROCESSOR_DEFINITIONS = (
					"DEBUG=1",
					"$(inherited)",
				);
				GCC_WARN_64_TO_32_BIT_CONVERSION = YES;
				GCC_WARN_ABOUT_RETURN_TYPE = YES_ERROR;
				GCC_WARN_UNDECLARED_SELECTOR = YES;
				GCC_WARN_UNINITIALIZED_AUTOS = YES_AGGRESSIVE;
				GCC_WARN_UNUSED_FUNCTION = YES;
				GCC_WARN_UNUSED_VARIABLE = YES;
				IPHONEOS_DEPLOYMENT_TARGET = 17.2;
				LOCALIZATION_PREFERS_STRING_CATALOGS = YES;
				MTL_ENABLE_DEBUG_INFO = INCLUDE_SOURCE;
				MTL_FAST_MATH = YES;
				ONLY_ACTIVE_ARCH = YES;
				SDKROOT = iphoneos;
				SWIFT_ACTIVE_COMPILATION_CONDITIONS = "DEBUG $(inherited)";
				SWIFT_OPTIMIZATION_LEVEL = "-Onone";
			};
			name = Debug;
		};
		7521276C2B913549004D20CC /* Release */ = {
			isa = XCBuildConfiguration;
			buildSettings = {
				ALWAYS_SEARCH_USER_PATHS = NO;
				ASSETCATALOG_COMPILER_GENERATE_SWIFT_ASSET_SYMBOL_EXTENSIONS = YES;
				CLANG_ANALYZER_NONNULL = YES;
				CLANG_ANALYZER_NUMBER_OBJECT_CONVERSION = YES_AGGRESSIVE;
				CLANG_CXX_LANGUAGE_STANDARD = "gnu++20";
				CLANG_ENABLE_MODULES = YES;
				CLANG_ENABLE_OBJC_ARC = YES;
				CLANG_ENABLE_OBJC_WEAK = YES;
				CLANG_WARN_BLOCK_CAPTURE_AUTORELEASING = YES;
				CLANG_WARN_BOOL_CONVERSION = YES;
				CLANG_WARN_COMMA = YES;
				CLANG_WARN_CONSTANT_CONVERSION = YES;
				CLANG_WARN_DEPRECATED_OBJC_IMPLEMENTATIONS = YES;
				CLANG_WARN_DIRECT_OBJC_ISA_USAGE = YES_ERROR;
				CLANG_WARN_DOCUMENTATION_COMMENTS = YES;
				CLANG_WARN_EMPTY_BODY = YES;
				CLANG_WARN_ENUM_CONVERSION = YES;
				CLANG_WARN_INFINITE_RECURSION = YES;
				CLANG_WARN_INT_CONVERSION = YES;
				CLANG_WARN_NON_LITERAL_NULL_CONVERSION = YES;
				CLANG_WARN_OBJC_IMPLICIT_RETAIN_SELF = YES;
				CLANG_WARN_OBJC_LITERAL_CONVERSION = YES;
				CLANG_WARN_OBJC_ROOT_CLASS = YES_ERROR;
				CLANG_WARN_QUOTED_INCLUDE_IN_FRAMEWORK_HEADER = YES;
				CLANG_WARN_RANGE_LOOP_ANALYSIS = YES;
				CLANG_WARN_STRICT_PROTOTYPES = YES;
				CLANG_WARN_SUSPICIOUS_MOVE = YES;
				CLANG_WARN_UNGUARDED_AVAILABILITY = YES_AGGRESSIVE;
				CLANG_WARN_UNREACHABLE_CODE = YES;
				CLANG_WARN__DUPLICATE_METHOD_MATCH = YES;
				COPY_PHASE_STRIP = NO;
				DEBUG_INFORMATION_FORMAT = "dwarf-with-dsym";
				ENABLE_NS_ASSERTIONS = NO;
				ENABLE_STRICT_OBJC_MSGSEND = YES;
				ENABLE_USER_SCRIPT_SANDBOXING = YES;
				GCC_C_LANGUAGE_STANDARD = gnu17;
				GCC_NO_COMMON_BLOCKS = YES;
				GCC_WARN_64_TO_32_BIT_CONVERSION = YES;
				GCC_WARN_ABOUT_RETURN_TYPE = YES_ERROR;
				GCC_WARN_UNDECLARED_SELECTOR = YES;
				GCC_WARN_UNINITIALIZED_AUTOS = YES_AGGRESSIVE;
				GCC_WARN_UNUSED_FUNCTION = YES;
				GCC_WARN_UNUSED_VARIABLE = YES;
				IPHONEOS_DEPLOYMENT_TARGET = 17.2;
				LOCALIZATION_PREFERS_STRING_CATALOGS = YES;
				MTL_ENABLE_DEBUG_INFO = NO;
				MTL_FAST_MATH = YES;
				SDKROOT = iphoneos;
				SWIFT_COMPILATION_MODE = wholemodule;
				VALIDATE_PRODUCT = YES;
			};
			name = Release;
		};
		7521276E2B913549004D20CC /* Debug */ = {
			isa = XCBuildConfiguration;
			buildSettings = {
				ASSETCATALOG_COMPILER_APPICON_NAME = AppIcon;
				ASSETCATALOG_COMPILER_GLOBAL_ACCENT_COLOR_NAME = AccentColor;
				CODE_SIGN_STYLE = Automatic;
				CURRENT_PROJECT_VERSION = 1;
				DEVELOPMENT_ASSET_PATHS = "\"ComicPullLists/Preview Content\"";
				ENABLE_PREVIEWS = YES;
				GENERATE_INFOPLIST_FILE = YES;
				INFOPLIST_KEY_UIApplicationSceneManifest_Generation = YES;
				INFOPLIST_KEY_UIApplicationSupportsIndirectInputEvents = YES;
				INFOPLIST_KEY_UILaunchScreen_Generation = YES;
				INFOPLIST_KEY_UISupportedInterfaceOrientations_iPad = "UIInterfaceOrientationPortrait UIInterfaceOrientationPortraitUpsideDown UIInterfaceOrientationLandscapeLeft UIInterfaceOrientationLandscapeRight";
				INFOPLIST_KEY_UISupportedInterfaceOrientations_iPhone = "UIInterfaceOrientationPortrait UIInterfaceOrientationLandscapeLeft UIInterfaceOrientationLandscapeRight";
				LD_RUNPATH_SEARCH_PATHS = (
					"$(inherited)",
					"@executable_path/Frameworks",
				);
				MARKETING_VERSION = 1.0;
				PRODUCT_BUNDLE_IDENTIFIER = info.walles.ComicPullLists;
				PRODUCT_NAME = "$(TARGET_NAME)";
				SWIFT_EMIT_LOC_STRINGS = YES;
				SWIFT_VERSION = 5.0;
				TARGETED_DEVICE_FAMILY = "1,2";
			};
			name = Debug;
		};
		7521276F2B913549004D20CC /* Release */ = {
			isa = XCBuildConfiguration;
			buildSettings = {
				ASSETCATALOG_COMPILER_APPICON_NAME = AppIcon;
				ASSETCATALOG_COMPILER_GLOBAL_ACCENT_COLOR_NAME = AccentColor;
				CODE_SIGN_STYLE = Automatic;
				CURRENT_PROJECT_VERSION = 1;
				DEVELOPMENT_ASSET_PATHS = "\"ComicPullLists/Preview Content\"";
				ENABLE_PREVIEWS = YES;
				GENERATE_INFOPLIST_FILE = YES;
				INFOPLIST_KEY_UIApplicationSceneManifest_Generation = YES;
				INFOPLIST_KEY_UIApplicationSupportsIndirectInputEvents = YES;
				INFOPLIST_KEY_UILaunchScreen_Generation = YES;
				INFOPLIST_KEY_UISupportedInterfaceOrientations_iPad = "UIInterfaceOrientationPortrait UIInterfaceOrientationPortraitUpsideDown UIInterfaceOrientationLandscapeLeft UIInterfaceOrientationLandscapeRight";
				INFOPLIST_KEY_UISupportedInterfaceOrientations_iPhone = "UIInterfaceOrientationPortrait UIInterfaceOrientationLandscapeLeft UIInterfaceOrientationLandscapeRight";
				LD_RUNPATH_SEARCH_PATHS = (
					"$(inherited)",
					"@executable_path/Frameworks",
				);
				MARKETING_VERSION = 1.0;
				PRODUCT_BUNDLE_IDENTIFIER = info.walles.ComicPullLists;
				PRODUCT_NAME = "$(TARGET_NAME)";
				SWIFT_EMIT_LOC_STRINGS = YES;
				SWIFT_VERSION = 5.0;
				TARGETED_DEVICE_FAMILY = "1,2";
			};
			name = Release;
		};
/* End XCBuildConfiguration section */

/* Begin XCConfigurationList section */
		752127582B913547004D20CC /* Build configuration list for PBXProject "ComicPullLists" */ = {
			isa = XCConfigurationList;
			buildConfigurations = (
				7521276B2B913549004D20CC /* Debug */,
				7521276C2B913549004D20CC /* Release */,
			);
			defaultConfigurationIsVisible = 0;
			defaultConfigurationName = Release;
		};
		7521276D2B913549004D20CC /* Build configuration list for PBXNativeTarget "ComicPullLists" */ = {
			isa = XCConfigurationList;
			buildConfigurations = (
				7521276E2B913549004D20CC /* Debug */,
				7521276F2B913549004D20CC /* Release */,
			);
			defaultConfigurationIsVisible = 0;
			defaultConfigurationName = Release;
		};
/* End XCConfigurationList section */
	};
	rootObject = 752127552B913547004D20CC /* Project object */;
}
